// !$*UTF8*$!
{
archiveVersion = 1;
classes = {};
objectVersion = 60;
objects = {
000000000000000000000053  = {isa = PBXBuildFile; fileRef = 000000000000000000000052 ; };
000000000000000000000019  = {isa = PBXBuildFile; fileRef = 000000000000000000000001 ; };
00000000000000000000001A  = {isa = PBXBuildFile; fileRef = 000000000000000000000002 ; };
00000000000000000000001B  = {isa = PBXBuildFile; fileRef = 000000000000000000000003 ; };
00000000000000000000001C  = {isa = PBXBuildFile; fileRef = 000000000000000000000004 ; };
00000000000000000000001D  = {isa = PBXBuildFile; fileRef = 000000000000000000000005 ; };
00000000000000000000001E  = {isa = PBXBuildFile; fileRef = 000000000000000000000006 ; };
00000000000000000000001F  = {isa = PBXBuildFile; fileRef = 000000000000000000000007 ; };
000000000000000000000020  = {isa = PBXBuildFile; fileRef = 000000000000000000000008 ; };
000000000000000000000021  = {isa = PBXBuildFile; fileRef = 000000000000000000000009 ; };
000000000000000000000022  = {isa = PBXBuildFile; fileRef = 00000000000000000000000A ; };
000000000000000000000023  = {isa = PBXBuildFile; fileRef = 00000000000000000000000B ; };
000000000000000000000024  = {isa = PBXBuildFile; fileRef = 00000000000000000000000C ; };
000000000000000000000025  = {isa = PBXBuildFile; fileRef = 00000000000000000000000D ; };
000000000000000000000026  = {isa = PBXBuildFile; fileRef = 00000000000000000000000E ; };
000000000000000000000027  = {isa = PBXBuildFile; fileRef = 00000000000000000000000F ; };
000000000000000000000028  = {isa = PBXBuildFile; fileRef = 000000000000000000000010 ; };
000000000000000000000029  = {isa = PBXBuildFile; fileRef = 000000000000000000000011 ; };
00000000000000000000002A  = {isa = PBXBuildFile; fileRef = 000000000000000000000012 ; };
00000000000000000000002B  = {isa = PBXBuildFile; fileRef = 000000000000000000000013 ; };
00000000000000000000003C  = {
isa = PBXContainerItemProxy;
containerPortal = 00000000000000000000002C ;
proxyType = 1;
remoteGlobalIDString = 00000000000000000000003A;
remoteInfo = GT2Spotify;
};
000000000000000000000052  = {isa = PBXFileReference; lastKnownFileType = sourcecode.swift; path = TestHTTPResponse.swift; sourceTree = "<group>"; };
000000000000000000000001  = {isa = PBXFileReference; lastKnownFileType = sourcecode.swift; path = GT2SpotifyApp.swift; sourceTree = "<group>"; };
000000000000000000000002  = {isa = PBXFileReference; lastKnownFileType = sourcecode.swift; path = AppContainer.swift; sourceTree = "<group>"; };
000000000000000000000003  = {isa = PBXFileReference; lastKnownFileType = sourcecode.swift; path = DashboardView.swift; sourceTree = "<group>"; };
000000000000000000000004  = {isa = PBXFileReference; lastKnownFileType = sourcecode.swift; path = DashboardViewModel.swift; sourceTree = "<group>"; };
000000000000000000000005  = {isa = PBXFileReference; lastKnownFileType = sourcecode.swift; path = SpotifyModels.swift; sourceTree = "<group>"; };
000000000000000000000006  = {isa = PBXFileReference; lastKnownFileType = sourcecode.swift; path = SpotifyTokenStore.swift; sourceTree = "<group>"; };
000000000000000000000007  = {isa = PBXFileReference; lastKnownFileType = sourcecode.swift; path = SpotifyOAuthPKCE.swift; sourceTree = "<group>"; };
000000000000000000000008  = {isa = PBXFileReference; lastKnownFileType = sourcecode.swift; path = SpotifyAPIClient.swift; sourceTree = "<group>"; };
000000000000000000000009  = {isa = PBXFileReference; lastKnownFileType = sourcecode.swift; path = SpotifyPlayerController.swift; sourceTree = "<group>"; };
00000000000000000000000A  = {isa = PBXFileReference; lastKnownFileType = sourcecode.swift; path = MusicCommand.swift; sourceTree = "<group>"; };
00000000000000000000000B  = {isa = PBXFileReference; lastKnownFileType = sourcecode.swift; path = MusicBridgeCoordinator.swift; sourceTree = "<group>"; };
00000000000000000000000C  = {isa = PBXFileReference; lastKnownFileType = sourcecode.swift; path = Configuration.swift; sourceTree = "<group>"; };
00000000000000000000000D  = {isa = PBXFileReference; lastKnownFileType = sourcecode.swift; path = KeychainStore.swift; sourceTree = "<group>"; };
00000000000000000000000E  = {isa = PBXFileReference; lastKnownFileType = sourcecode.swift; path = LogStore.swift; sourceTree = "<group>"; };
00000000000000000000000F  = {isa = PBXFileReference; lastKnownFileType = sourcecode.swift; path = Redaction.swift; sourceTree = "<group>"; };
000000000000000000000010  = {isa = PBXFileReference; lastKnownFileType = sourcecode.swift; path = MockURLProtocol.swift; sourceTree = "<group>"; };
000000000000000000000011  = {isa = PBXFileReference; lastKnownFileType = sourcecode.swift; path = InMemoryKeychainStore.swift; sourceTree = "<group>"; };
000000000000000000000012  = {isa = PBXFileReference; lastKnownFileType = sourcecode.swift; path = SpotifyOAuthPKCETests.swift; sourceTree = "<group>"; };
000000000000000000000013  = {isa = PBXFileReference; lastKnownFileType = sourcecode.swift; path = SpotifyAPIClientTests.swift; sourceTree = "<group>"; };
000000000000000000000014  = {isa = PBXFileReference; lastKnownFileType = text.plist.xml; path = Info.plist; sourceTree = "<group>"; };
000000000000000000000015  = {isa = PBXFileReference; lastKnownFileType = text.xcconfig; path = Config.base.xcconfig; sourceTree = "<group>"; };
000000000000000000000016  = {isa = PBXFileReference; lastKnownFileType = text.xcconfig; path = Config.example.xcconfig; sourceTree = "<group>"; };
000000000000000000000017  = {isa = PBXFileReference; lastKnownFileType = net.daringfireball.markdown; path = README.md; sourceTree = "<group>"; };
000000000000000000000018  = {isa = PBXFileReference; lastKnownFileType = text; path = LICENSE; sourceTree = "<group>"; };
000000000000000000000032  = {isa = PBXFileReference; explicitFileType = wrapper.application; includeInIndex = 0; path = GT2Spotify.app; sourceTree = BUILT_PRODUCTS_DIR; };
000000000000000000000033  = {isa = PBXFileReference; explicitFileType = wrapper.cfbundle; includeInIndex = 0; path = GT2SpotifyTests.xctest; sourceTree = BUILT_PRODUCTS_DIR; };
000000000000000000000035  = {isa = PBXFrameworksBuildPhase; buildActionMask = 2147483647; files = (); runOnlyForDeploymentPostprocessing = 0; };
000000000000000000000038  = {isa = PBXFrameworksBuildPhase; buildActionMask = 2147483647; files = (); runOnlyForDeploymentPostprocessing = 0; };
000000000000000000000047  = {
isa = PBXGroup;
children = (
000000000000000000000001 ,
000000000000000000000002 ,
);
path = App;
sourceTree = "<group>";
};
000000000000000000000048  = {
isa = PBXGroup;
children = (
000000000000000000000049 ,
);
path = Features;
sourceTree = "<group>";
};
000000000000000000000049  = {
isa = PBXGroup;
children = (
000000000000000000000003 ,
000000000000000000000004 ,
);
path = Dashboard;
sourceTree = "<group>";
};
00000000000000000000004A  = {
isa = PBXGroup;
children = (
000000000000000000000005 ,
000000000000000000000006 ,
000000000000000000000007 ,
000000000000000000000008 ,
000000000000000000000009 ,
);
path = Spotify;
sourceTree = "<group>";
};
00000000000000000000004B  = {
isa = PBXGroup;
children = (
00000000000000000000000A ,
00000000000000000000000B ,
);
path = Bridge;
sourceTree = "<group>";
};
00000000000000000000004C  = {
isa = PBXGroup;
children = (
00000000000000000000000C ,
00000000000000000000000D ,
00000000000000000000000E ,
00000000000000000000000F ,
);
path = Support;
sourceTree = "<group>";
};
00000000000000000000004D  = {
isa = PBXGroup;
children = (
000000000000000000000014 ,
);
path = Resources;
sourceTree = "<group>";
};
00000000000000000000002F  = {isa = PBXGroup; children = (
000000000000000000000047 ,
000000000000000000000048 ,
00000000000000000000004A ,
00000000000000000000004B ,
00000000000000000000004C ,
00000000000000000000004D ,
); path = GT2Spotify; sourceTree = "<group>"; };
000000000000000000000030  = {isa = PBXGroup; children = (
000000000000000000000010 ,
000000000000000000000011 ,
000000000000000000000012 ,
000000000000000000000013 ,
000000000000000000000052 ,
); path = GT2SpotifyTests; sourceTree = "<group>"; };
000000000000000000000031  = {isa = PBXGroup; children = (
000000000000000000000015 ,
000000000000000000000016 ,
000000000000000000000017 ,
000000000000000000000018 ,
); name = Configuration; sourceTree = "<group>"; };
00000000000000000000002E  = {isa = PBXGroup; children = (000000000000000000000032 , 000000000000000000000033 ,); name = Products; sourceTree = "<group>"; };
00000000000000000000002D = {isa = PBXGroup; children = (00000000000000000000002F , 000000000000000000000030 , 000000000000000000000031 , 00000000000000000000002E ,); sourceTree = "<group>"; };
00000000000000000000003A  = {
isa = PBXNativeTarget;
buildConfigurationList = 000000000000000000000045 ;
buildPhases = (000000000000000000000034 , 000000000000000000000035 , 000000000000000000000036 ,);
buildRules = (); dependencies = (); name = GT2Spotify; productName = GT2Spotify;
productReference = 000000000000000000000032 ; productType = "com.apple.product-type.application";
};
00000000000000000000003B  = {
isa = PBXNativeTarget;
buildConfigurationList = 000000000000000000000046 ;
buildPhases = (000000000000000000000037 , 000000000000000000000038 , 000000000000000000000039 ,);
buildRules = (); dependencies = (00000000000000000000003D ,); name = GT2SpotifyTests; productName = GT2SpotifyTests;
productReference = 000000000000000000000033 ; productType = "com.apple.product-type.bundle.unit-test";
};
00000000000000000000002C  = {
isa = PBXProject;
attributes = { BuildIndependentTargetsInParallel = 1; LastSwiftUpdateCheck = 1640; LastUpgradeCheck = 1640; TargetAttributes = {
00000000000000000000003A = { CreatedOnToolsVersion = 16.4; };
00000000000000000000003B = { CreatedOnToolsVersion = 16.4; TestTargetID = 00000000000000000000003A; };
}; };
buildConfigurationList = 000000000000000000000044 ;
compatibilityVersion = "Xcode 15.0"; developmentRegion = en; hasScannedForEncodings = 0; knownRegions = (en, Base,);
mainGroup = 00000000000000000000002D; productRefGroup = 00000000000000000000002E ; projectDirPath = ""; projectRoot = "";
targets = (00000000000000000000003A , 00000000000000000000003B ,);
};
000000000000000000000036  = {isa = PBXResourcesBuildPhase; buildActionMask = 2147483647; files = (); runOnlyForDeploymentPostprocessing = 0; };
000000000000000000000039  = {isa = PBXResourcesBuildPhase; buildActionMask = 2147483647; files = (); runOnlyForDeploymentPostprocessing = 0; };
000000000000000000000034  = {isa = PBXSourcesBuildPhase; buildActionMask = 2147483647; files = (
000000000000000000000019 ,
00000000000000000000001A ,
00000000000000000000001B ,
00000000000000000000001C ,
00000000000000000000001D ,
00000000000000000000001E ,
00000000000000000000001F ,
000000000000000000000020 ,
000000000000000000000021 ,
000000000000000000000022 ,
000000000000000000000023 ,
000000000000000000000024 ,
000000000000000000000025 ,
000000000000000000000026 ,
000000000000000000000027 ,
); runOnlyForDeploymentPostprocessing = 0; };
000000000000000000000037  = {isa = PBXSourcesBuildPhase; buildActionMask = 2147483647; files = (
000000000000000000000028 ,
000000000000000000000029 ,
00000000000000000000002A ,
00000000000000000000002B ,
000000000000000000000053 ,
); runOnlyForDeploymentPostprocessing = 0; };
00000000000000000000003D  = {isa = PBXTargetDependency; target = 00000000000000000000003A ; targetProxy = 00000000000000000000003C ; };
00000000000000000000003E  = {
isa = XCBuildConfiguration;
buildSettings = {
ALWAYS_SEARCH_USER_PATHS = NO;
CLANG_ANALYZER_NONNULL = YES;
CLANG_ANALYZER_NUMBER_OBJECT_CONVERSION = YES_AGGRESSIVE;
CLANG_CXX_LANGUAGE_STANDARD = "gnu++20";
CLANG_ENABLE_MODULES = YES;
CLANG_ENABLE_OBJC_ARC = YES;
CLANG_WARN_BLOCK_CAPTURE_AUTORELEASING = YES;
CLANG_WARN_BOOL_CONVERSION = YES;
CLANG_WARN_COMMA = YES;
CLANG_WARN_CONSTANT_CONVERSION = YES;
CLANG_WARN_DEPRECATED_OBJC_IMPLEMENTATIONS = YES;
CLANG_WARN_DIRECT_OBJC_ISA_USAGE = YES_ERROR;
CLANG_WARN_DOCUMENTATION_COMMENTS = YES;
CLANG_WARN_EMPTY_BODY = YES;
CLANG_WARN_ENUM_CONVERSION = YES;
CLANG_WARN_INFINITE_RECURSION = YES;
CLANG_WARN_INT_CONVERSION = YES;
CLANG_WARN_NON_LITERAL_NULL_CONVERSION = YES;
CLANG_WARN_OBJC_IMPLICIT_RETAIN_SELF = YES;
CLANG_WARN_OBJC_LITERAL_CONVERSION = YES;
CLANG_WARN_OBJC_ROOT_CLASS = YES_ERROR;
CLANG_WARN_QUOTED_INCLUDE_IN_FRAMEWORK_HEADER = YES;
CLANG_WARN_RANGE_LOOP_ANALYSIS = YES;
CLANG_WARN_STRICT_PROTOTYPES = YES;
CLANG_WARN_SUSPICIOUS_MOVE = YES;
CLANG_WARN_UNGUARDED_AVAILABILITY = YES_AGGRESSIVE;
CLANG_WARN_UNREACHABLE_CODE = YES;
CLANG_WARN__DUPLICATE_METHOD_MATCH = YES;
COPY_PHASE_STRIP = NO;
ENABLE_STRICT_OBJC_MSGSEND = YES;
GCC_C_LANGUAGE_STANDARD = gnu17;
GCC_NO_COMMON_BLOCKS = YES;
GCC_WARN_64_TO_32_BIT_CONVERSION = YES;
GCC_WARN_ABOUT_RETURN_TYPE = YES_ERROR;
GCC_WARN_UNDECLARED_SELECTOR = YES;
GCC_WARN_UNINITIALIZED_AUTOS = YES_AGGRESSIVE;
GCC_WARN_UNUSED_FUNCTION = YES;
GCC_WARN_UNUSED_VARIABLE = YES;
IPHONEOS_DEPLOYMENT_TARGET = 16.0;
LOCALIZATION_PREFERS_STRING_CATALOGS = YES;
MTL_FAST_MATH = YES;
SDKROOT = iphoneos;
SWIFT_VERSION = 6.0;
DEBUG_INFORMATION_FORMAT = dwarf;
ENABLE_TESTABILITY = YES;
GCC_OPTIMIZATION_LEVEL = 0;
GCC_PREPROCESSOR_DEFINITIONS = ("DEBUG=1", "$(inherited)");
MTL_ENABLE_DEBUG_INFO = INCLUDE_SOURCE;
ONLY_ACTIVE_ARCH = YES;
SWIFT_ACTIVE_COMPILATION_CONDITIONS = "DEBUG $(inherited)";
SWIFT_OPTIMIZATION_LEVEL = "-Onone";
};
name = Debug;
};
00000000000000000000003F  = {
isa = XCBuildConfiguration;
buildSettings = {
ALWAYS_SEARCH_USER_PATHS = NO;
CLANG_ANALYZER_NONNULL = YES;
CLANG_ANALYZER_NUMBER_OBJECT_CONVERSION = YES_AGGRESSIVE;
CLANG_CXX_LANGUAGE_STANDARD = "gnu++20";
CLANG_ENABLE_MODULES = YES;
CLANG_ENABLE_OBJC_ARC = YES;
CLANG_WARN_BLOCK_CAPTURE_AUTORELEASING = YES;
CLANG_WARN_BOOL_CONVERSION = YES;
CLANG_WARN_COMMA = YES;
CLANG_WARN_CONSTANT_CONVERSION = YES;
CLANG_WARN_DEPRECATED_OBJC_IMPLEMENTATIONS = YES;
CLANG_WARN_DIRECT_OBJC_ISA_USAGE = YES_ERROR;
CLANG_WARN_DOCUMENTATION_COMMENTS = YES;
CLANG_WARN_EMPTY_BODY = YES;
CLANG_WARN_ENUM_CONVERSION = YES;
CLANG_WARN_INFINITE_RECURSION = YES;
CLANG_WARN_INT_CONVERSION = YES;
CLANG_WARN_NON_LITERAL_NULL_CONVERSION = YES;
CLANG_WARN_OBJC_IMPLICIT_RETAIN_SELF = YES;
CLANG_WARN_OBJC_LITERAL_CONVERSION = YES;
CLANG_WARN_OBJC_ROOT_CLASS = YES_ERROR;
CLANG_WARN_QUOTED_INCLUDE_IN_FRAMEWORK_HEADER = YES;
CLANG_WARN_RANGE_LOOP_ANALYSIS = YES;
CLANG_WARN_STRICT_PROTOTYPES = YES;
CLANG_WARN_SUSPICIOUS_MOVE = YES;
CLANG_WARN_UNGUARDED_AVAILABILITY = YES_AGGRESSIVE;
CLANG_WARN_UNREACHABLE_CODE = YES;
CLANG_WARN__DUPLICATE_METHOD_MATCH = YES;
COPY_PHASE_STRIP = NO;
ENABLE_STRICT_OBJC_MSGSEND = YES;
GCC_C_LANGUAGE_STANDARD = gnu17;
GCC_NO_COMMON_BLOCKS = YES;
GCC_WARN_64_TO_32_BIT_CONVERSION = YES;
GCC_WARN_ABOUT_RETURN_TYPE = YES_ERROR;
GCC_WARN_UNDECLARED_SELECTOR = YES;
GCC_WARN_UNINITIALIZED_AUTOS = YES_AGGRESSIVE;
GCC_WARN_UNUSED_FUNCTION = YES;
GCC_WARN_UNUSED_VARIABLE = YES;
IPHONEOS_DEPLOYMENT_TARGET = 16.0;
LOCALIZATION_PREFERS_STRING_CATALOGS = YES;
MTL_FAST_MATH = YES;
SDKROOT = iphoneos;
SWIFT_VERSION = 6.0;
DEBUG_INFORMATION_FORMAT = "dwarf-with-dsym";
ENABLE_NS_ASSERTIONS = NO;
MTL_ENABLE_DEBUG_INFO = NO;
SWIFT_COMPILATION_MODE = wholemodule;
VALIDATE_PRODUCT = YES;
};
name = Release;
};
000000000000000000000040  = {
isa = XCBuildConfiguration;
baseConfigurationReference = 000000000000000000000015 ;
buildSettings = {
ASSETCATALOG_COMPILER_GENERATE_SWIFT_ASSET_SYMBOL_EXTENSIONS = YES;
CODE_SIGN_STYLE = Automatic;
CURRENT_PROJECT_VERSION = 1;
DEVELOPMENT_ASSET_PATHS = "";
ENABLE_PREVIEWS = YES;
GENERATE_INFOPLIST_FILE = NO;
INFOPLIST_FILE = GT2Spotify/Resources/Info.plist;
INFOPLIST_KEY_UIApplicationSceneManifest_Generation = YES;
INFOPLIST_KEY_UIApplicationSupportsIndirectInputEvents = YES;
INFOPLIST_KEY_UILaunchScreen_Generation = YES;
LD_RUNPATH_SEARCH_PATHS = "$(inherited) @executable_path/Frameworks";
MARKETING_VERSION = 0.1.0;
PRODUCT_BUNDLE_IDENTIFIER = com.renosaza.gt2spotify;
PRODUCT_NAME = "$(TARGET_NAME)";
SUPPORTED_PLATFORMS = "iphoneos iphonesimulator";
SUPPORTS_MACCATALYST = NO;
SWIFT_EMIT_LOC_STRINGS = YES;
TARGETED_DEVICE_FAMILY = "1,2";
SWIFT_OPTIMIZATION_LEVEL = "-Onone";
};
name = Debug;
};
000000000000000000000041  = {
isa = XCBuildConfiguration;
baseConfigurationReference = 000000000000000000000015 ;
buildSettings = {
ASSETCATALOG_COMPILER_GENERATE_SWIFT_ASSET_SYMBOL_EXTENSIONS = YES;
CODE_SIGN_STYLE = Automatic;
CURRENT_PROJECT_VERSION = 1;
DEVELOPMENT_ASSET_PATHS = "";
ENABLE_PREVIEWS = YES;
GENERATE_INFOPLIST_FILE = NO;
INFOPLIST_FILE = GT2Spotify/Resources/Info.plist;
INFOPLIST_KEY_UIApplicationSceneManifest_Generation = YES;
INFOPLIST_KEY_UIApplicationSupportsIndirectInputEvents = YES;
INFOPLIST_KEY_UILaunchScreen_Generation = YES;
LD_RUNPATH_SEARCH_PATHS = "$(inherited) @executable_path/Frameworks";
MARKETING_VERSION = 0.1.0;
PRODUCT_BUNDLE_IDENTIFIER = com.renosaza.gt2spotify;
PRODUCT_NAME = "$(TARGET_NAME)";
SUPPORTED_PLATFORMS = "iphoneos iphonesimulator";
SUPPORTS_MACCATALYST = NO;
SWIFT_EMIT_LOC_STRINGS = YES;
TARGETED_DEVICE_FAMILY = "1,2";
};
name = Release;
};
000000000000000000000042  = {
isa = XCBuildConfiguration;
buildSettings = {
BUNDLE_LOADER = "$(TEST_HOST)";
CODE_SIGN_STYLE = Automatic;
GENERATE_INFOPLIST_FILE = YES;
IPHONEOS_DEPLOYMENT_TARGET = 16.0;
LD_RUNPATH_SEARCH_PATHS = "$(inherited) @executable_path/Frameworks @loader_path/Frameworks";
PRODUCT_BUNDLE_IDENTIFIER = com.renosaza.gt2spotifyTests;
PRODUCT_NAME = "$(TARGET_NAME)";
SWIFT_EMIT_LOC_STRINGS = NO;
TARGETED_DEVICE_FAMILY = "1,2";
TEST_HOST = "$(BUILT_PRODUCTS_DIR)/GT2Spotify.app/$(BUNDLE_EXECUTABLE_FOLDER_PATH)/GT2Spotify";
SWIFT_OPTIMIZATION_LEVEL = "-Onone";
};
name = Debug;
};
000000000000000000000043  = {
isa = XCBuildConfiguration;
buildSettings = {
BUNDLE_LOADER = "$(TEST_HOST)";
CODE_SIGN_STYLE = Automatic;
GENERATE_INFOPLIST_FILE = YES;
IPHONEOS_DEPLOYMENT_TARGET = 16.0;
LD_RUNPATH_SEARCH_PATHS = "$(inherited) @executable_path/Frameworks @loader_path/Frameworks";
PRODUCT_BUNDLE_IDENTIFIER = com.renosaza.gt2spotifyTests;
PRODUCT_NAME = "$(TARGET_NAME)";
SWIFT_EMIT_LOC_STRINGS = NO;
TARGETED_DEVICE_FAMILY = "1,2";
TEST_HOST = "$(BUILT_PRODUCTS_DIR)/GT2Spotify.app/$(BUNDLE_EXECUTABLE_FOLDER_PATH)/GT2Spotify";
};
name = Release;
};
000000000000000000000044  = {isa = XCConfigurationList; buildConfigurations = (00000000000000000000003E , 00000000000000000000003F ,); defaultConfigurationIsVisible = 0; defaultConfigurationName = Release; };
000000000000000000000045  = {isa = XCConfigurationList; buildConfigurations = (000000000000000000000040 , 000000000000000000000041 ,); defaultConfigurationIsVisible = 0; defaultConfigurationName = Release; };
000000000000000000000046  = {isa = XCConfigurationList; buildConfigurations = (000000000000000000000042 , 000000000000000000000043 ,); defaultConfigurationIsVisible = 0; defaultConfigurationName = Release; };
};
rootObject = 00000000000000000000002C ;
}
